
Microsoft Visual Studio Solution File, Format Version 12.00
Project("{FAE04EC0-301F-11D3-BF4B-00C04F79EFBC}") = "NvidiaTestDemo", "NvidiaTestDemo.csproj", "{B84EE492-61A6-48AC-B72B-4612B4A3E525}"
EndProject
Project("{FAE04EC0-301F-11D3-BF4B-00C04F79EFBC}") = "Web", "Web\Web.csproj", "{7E7281CE-4963-45AE-8D0A-46341BC206CC}"
EndProject
Global
	GlobalSection(SolutionConfigurationPlatforms) = preSolution
		Debug|Any CPU = Debug|Any CPU
		Release|Any CPU = Release|Any CPU
	EndGlobalSection
	GlobalSection(ProjectConfigurationPlatforms) = postSolution
		{B84EE492-61A6-48AC-B72B-4612B4A3E525}.Debug|Any CPU.ActiveCfg = Debug|Any CPU
		{B84EE492-61A6-48AC-B72B-4612B4A3E525}.Debug|Any CPU.Build.0 = Debug|Any CPU
		{B84EE492-61A6-48AC-B72B-4612B4A3E525}.Release|Any CPU.ActiveCfg = Release|Any CPU
		{B84EE492-61A6-48AC-B72B-4612B4A3E525}.Release|Any CPU.Build.0 = Release|Any CPU
		{7E7281CE-4963-45AE-8D0A-46341BC206CC}.Debug|Any CPU.ActiveCfg = Debug|Any CPU
		{7E7281CE-4963-45AE-8D0A-46341BC206CC}.Debug|Any CPU.Build.0 = Debug|Any CPU
		{7E7281CE-4963-45AE-8D0A-46341BC206CC}.Release|Any CPU.ActiveCfg = Release|Any CPU
		{7E7281CE-4963-45AE-8D0A-46341BC206CC}.Release|Any CPU.Build.0 = Release|Any CPU
	EndGlobalSection
EndGlobal
